
Microsoft Visual Studio Solution File, Format Version 12.00
# Visual Studio 2013
VisualStudioVersion = 12.0.30501.0
MinimumVisualStudioVersion = 10.0.40219.1
Project("{8BC9CEB8-8B4A-11D0-8D11-00A0C91BC942}") = "zad6", "zad6\zad6.vcxproj", "{63A73791-2A62-4132-ADC1-43ABC85A0E93}"
EndProject
Global
	GlobalSection(SolutionConfigurationPlatforms) = preSolution
		Debug|Win32 = Debug|Win32
		Release|Win32 = Release|Win32
	EndGlobalSection
	GlobalSection(ProjectConfigurationPlatforms) = postSolution
		{63A73791-2A62-4132-ADC1-43ABC85A0E93}.Debug|Win32.ActiveCfg = Debug|Win32
		{63A73791-2A62-4132-ADC1-43ABC85A0E93}.Debug|Win32.Build.0 = Debug|Win32
		{63A73791-2A62-4132-ADC1-43ABC85A0E93}.Release|Win32.ActiveCfg = Release|Win32
		{63A73791-2A62-4132-ADC1-43ABC85A0E93}.Release|Win32.Build.0 = Release|Win32
	EndGlobalSection
	GlobalSection(SolutionProperties) = preSolution
		HideSolutionNode = FALSE
	EndGlobalSection
EndGlobal
